
Microsoft Visual Studio Solution File, Format Version 12.00
# Visual Studio Version 16
VisualStudioVersion = 16.0.29709.97
MinimumVisualStudioVersion = 10.0.40219.1
Project("{FAE04EC0-301F-11D3-BF4B-00C04F79EFBC}") = "WindowsFormsApp2", "WindowsFormsApp2\WindowsFormsApp2.csproj", "{9CC2402C-142A-4314-84AE-F0160DEC7928}"
EndProject
Global
	GlobalSection(SolutionConfigurationPlatforms) = preSolution
		Debug|Any CPU = Debug|Any CPU
		Release|Any CPU = Release|Any CPU
	EndGlobalSection
	GlobalSection(ProjectConfigurationPlatforms) = postSolution
		{9CC2402C-142A-4314-84AE-F0160DEC7928}.Debug|Any CPU.ActiveCfg = Debug|Any CPU
		{9CC2402C-142A-4314-84AE-F0160DEC7928}.Debug|Any CPU.Build.0 = Debug|Any CPU
		{9CC2402C-142A-4314-84AE-F0160DEC7928}.Release|Any CPU.ActiveCfg = Release|Any CPU
		{9CC2402C-142A-4314-84AE-F0160DEC7928}.Release|Any CPU.Build.0 = Release|Any CPU
	EndGlobalSection
	GlobalSection(SolutionProperties) = preSolution
		HideSolutionNode = FALSE
	EndGlobalSection
	GlobalSection(ExtensibilityGlobals) = postSolution
		SolutionGuid = {82C162E4-4C83-4E73-B288-D4D5F1BF9659}
	EndGlobalSection
EndGlobal
